
Microsoft Visual Studio Solution File, Format Version 12.00
# Visual Studio Version 17
VisualStudioVersion = 17.5.33516.290
MinimumVisualStudioVersion = 10.0.40219.1
Project("{FAE04EC0-301F-11D3-BF4B-00C04F79EFBC}") = "music-player", "music-player\music-player.csproj", "{EE59A05D-B0F8-4BC6-BE15-87506463459A}"
EndProject
Global
	GlobalSection(SolutionConfigurationPlatforms) = preSolution
		Debug|Any CPU = Debug|Any CPU
		Release|Any CPU = Release|Any CPU
	EndGlobalSection
	GlobalSection(ProjectConfigurationPlatforms) = postSolution
		{EE59A05D-B0F8-4BC6-BE15-87506463459A}.Debug|Any CPU.ActiveCfg = Debug|Any CPU
		{EE59A05D-B0F8-4BC6-BE15-87506463459A}.Debug|Any CPU.Build.0 = Debug|Any CPU
		{EE59A05D-B0F8-4BC6-BE15-87506463459A}.Release|Any CPU.ActiveCfg = Release|Any CPU
		{EE59A05D-B0F8-4BC6-BE15-87506463459A}.Release|Any CPU.Build.0 = Release|Any CPU
	EndGlobalSection
	GlobalSection(SolutionProperties) = preSolution
		HideSolutionNode = FALSE
	EndGlobalSection
	GlobalSection(ExtensibilityGlobals) = postSolution
		SolutionGuid = {07710711-E31B-4846-BC9D-C4CFA0FF832A}
	EndGlobalSection
EndGlobal
